github.com/gethugothemes/hugo-modules/adsense v0.0.0-20230723035230-6e3f9ed58472 h1:GYGQs+d5uyKMY00tadLRkjUsEAzaHH34sV3vsGf0ndw=
github.com/gethugothemes/hugo-modules/adsense v0.0.0-20230723035230-6e3f9ed58472/go.mod h1:8p/gG/cyyu20z4q5cFN/JGE5TOFA55Xsp+aIP9KCsqo=
github.com/gethugothemes/hugo-modules/components/cookie-consent v0.0.0-20230723035230-6e3f9ed58472 h1:SlqMQBUcfkch+ewJ93pUsTK76xUxvwSpx9RulAPFEfk=
github.com/gethugothemes/hugo-modules/components/cookie-consent v0.0.0-20230723035230-6e3f9ed58472/go.mod h1:511ERLpGe3ZTfV2z/NAtUSR5NqKF26h9z5lU/zYV4YQ=
github.com/gethugothemes/hugo-modules/components/crisp-chat v0.0.0-20230723035230-6e3f9ed58472 h1:8o0KTjxNYhhS3FgC8RjLOfjrPLdKvl338fCapbOcT1E=
github.com/gethugothemes/hugo-modules/components/crisp-chat v0.0.0-20230723035230-6e3f9ed58472/go.mod h1:qiV/PIeVY59RD2W885rFWc7b62uovQZO6VPFHeP5LT0=
github.com/gethugothemes/hugo-modules/components/preloader v0.0.0-20230723035230-6e3f9ed58472 h1:EI5PHG0Zd90lh9m2nIcqIUN51J+91ubRDbHploRBBJ4=
github.com/gethugothemes/hugo-modules/components/preloader v0.0.0-20230723035230-6e3f9ed58472/go.mod h1:FP0iQ3tMOesuWFZhLst2KEvUEYPb5Jk1GW+QBP9lrwg=
github.com/gethugothemes/hugo-modules/components/render-link v0.0.0-20230723035230-6e3f9ed58472 h1:cNKqAiemDAxfrI+TF8t6n2HJDsZ+5WvLcO2gM1X8PnE=
github.com/gethugothemes/hugo-modules/components/render-link v0.0.0-20230723035230-6e3f9ed58472/go.mod h1:z3YcIeEBUonAoRDY1/Jv1ojNVkZ5ud35a0Nn8L4Inx0=
github.com/gethugothemes/hugo-modules/components/social-share v0.0.0-20230723035230-6e3f9ed58472 h1:CUBwW8aid3KCUOvjS6d2eDOhr/c9dvgE7SKisau5LiY=
github.com/gethugothemes/hugo-modules/components/social-share v0.0.0-20230723035230-6e3f9ed58472/go.mod h1:Gcj4RM/EBECsJMZnPeWjfy/1roRYGqzV9GYNmeHkvFA=
github.com/gethugothemes/hugo-modules/components/valine-comment v0.0.0-20230723035230-6e3f9ed58472 h1:61b01GMdMkBtfwBvmR1STapp+xOmEjJ5Nup9yKgEtAw=
github.com/gethugothemes/hugo-modules/components/valine-comment v0.0.0-20230723035230-6e3f9ed58472/go.mod h1:fqeY2MbVoFf9OB8dtyJTnfNNa3qChIX9wsY32VVBYrQ=
github.com/gethugothemes/hugo-modules/gzip-caching v0.0.0-20230723035230-6e3f9ed58472 h1:860BnkJwYYPG8Pjd8tEokBubGKYPl1kcgok9Yl0hSUg=
github.com/gethugothemes/hugo-modules/gzip-caching v0.0.0-20230723035230-6e3f9ed58472/go.mod h1:0ZMjTZVG4XLZU2/icc8Saqo4mmgMpfRTrUZU2Aa2Pwg=
github.com/gethugothemes/hugo-modules/icons/font-awesome v0.0.0-20230723035230-6e3f9ed58472 h1:gbMwHeaKfvmzkFU5hX+WhfUMt6AOO0e8imODvQmEUH4=
github.com/gethugothemes/hugo-modules/icons/font-awesome v0.0.0-20230723035230-6e3f9ed58472/go.mod h1:d3gy1vQyfasPmGpau7HpQLrXbOv23PfXclSnjyOBxeU=
github.com/gethugothemes/hugo-modules/images v0.0.0-20230723035230-6e3f9ed58472 h1:YsvVQBd4bt+ZaHMVPUYTHYdRKzJZD9yEIpVmby1huMc=
github.com/gethugothemes/hugo-modules/images v0.0.0-20230723035230-6e3f9ed58472/go.mod h1:FKliP3qOW9diIcQeLtyZ0Hdhg3PL8bdAkC/6O+XtU90=
github.com/gethugothemes/hugo-modules/pwa v0.0.0-20230723035230-6e3f9ed58472 h1:yTJpVPunCHtB0KjSNO9FLFj3m9Af+Ic7COIdh28sHTM=
github.com/gethugothemes/hugo-modules/pwa v0.0.0-20230723035230-6e3f9ed58472/go.mod h1:TRv7iszdfo37O1PbBEE+S8X/enAdpRIxK5DGrp13Qbo=
github.com/gethugothemes/hugo-modules/seo-tools/baidu-analytics v0.0.0-20230723035230-6e3f9ed58472 h1:sWZjv6B3Pov9Aay2HndRjb6v5Uig7SoHT9/+A0r9Hps=
github.com/gethugothemes/hugo-modules/seo-tools/baidu-analytics v0.0.0-20230723035230-6e3f9ed58472/go.mod h1:D/bbq2hSHE+r582zpC3rEdvuk8GufDnq9sGL3xCk/C0=
github.com/gethugothemes/hugo-modules/seo-tools/basic-seo v0.0.0-20230723035230-6e3f9ed58472 h1:+12PspFQ02QQyymV8Enh6kTO1vGX4SF4Q/AnW2JgqRk=
github.com/gethugothemes/hugo-modules/seo-tools/basic-seo v0.0.0-20230723035230-6e3f9ed58472/go.mod h1:Q8dPgjamV7pxwKSQyWV21Xwh5CGi23/k+M8HPTphYbs=
github.com/gethugothemes/hugo-modules/seo-tools/counter-analytics v0.0.0-20230723035230-6e3f9ed58472 h1:UUUrTqLfVbDTCBeCFgynatFAP6qvl6BIYUJqjVwTxZs=
github.com/gethugothemes/hugo-modules/seo-tools/counter-analytics v0.0.0-20230723035230-6e3f9ed58472/go.mod h1:3kPooRg0PWUkciccThPQbBvIpTfSCo7W9mc3a5GxXHs=
github.com/gethugothemes/hugo-modules/seo-tools/google-tag-manager v0.0.0-20230723035230-6e3f9ed58472 h1:wDntnZH3QvoWm1ug25nBCOiCNXsp9dCXi3mh4BWc/wo=
github.com/gethugothemes/hugo-modules/seo-tools/google-tag-manager v0.0.0-20230723035230-6e3f9ed58472/go.mod h1:cCq50yd55eFTrpqOfeyOK5X0hU5E7qxsqOD7IzTsgLA=
github.com/gethugothemes/hugo-modules/seo-tools/matomo-analytics v0.0.0-20230723035230-6e3f9ed58472 h1:OyjVWD6igAlKC6hs6X1DJaVccBjlHTjL71eH/R4LaIU=
github.com/gethugothemes/hugo-modules/seo-tools/matomo-analytics v0.0.0-20230723035230-6e3f9ed58472/go.mod h1:P2GLltWjXFBJlatFKh4l6WOBszW7+f09myLkZoBBgEs=
github.com/gethugothemes/hugo-modules/seo-tools/plausible-analytics v0.0.0-20230723035230-6e3f9ed58472 h1:TapSDAeq9FCfR+RVvFthIbGJsMvxG3/1a2Y4pVmsy84=
github.com/gethugothemes/hugo-modules/seo-tools/plausible-analytics v0.0.0-20230723035230-6e3f9ed58472/go.mod h1:MOJtK8ttzyqQiqs0xQkk6xgPaxGbcH7WI5thobpNvqg=
github.com/gethugothemes/hugo-modules/seo-tools/site-verifications v0.0.0-20230723035230-6e3f9ed58472 h1:tu1UOi/0uuQ11TKiW87MYNEOmEAsn0D7vMqXN/UYA2s=
github.com/gethugothemes/hugo-modules/seo-tools/site-verifications v0.0.0-20230723035230-6e3f9ed58472/go.mod h1:iXielaya126qJscz7Bc2G2WB91moloQOoWru6UoBUyE=
github.com/gethugothemes/hugo-modules/shortcodes/buttons v0.0.0-20230723035230-6e3f9ed58472 h1:Qzy8Vvuo/b6Suwa+tRs9wdBCj7F5Q/KeUhjQJDCZhiU=
github.com/gethugothemes/hugo-modules/shortcodes/buttons v0.0.0-20230723035230-6e3f9ed58472/go.mod h1:hK/aFl0KkirVRFYnljg3c0qBAOwk4W5Isd+YN7UDMvg=
github.com/gethugothemes/hugo-modules/shortcodes/codepen v0.0.0-20230723035230-6e3f9ed58472 h1:8xcY5VI9aESQLxjZiFLT4W7MWD5F0LDWXLUiAlPfwUE=
github.com/gethugothemes/hugo-modules/shortcodes/codepen v0.0.0-20230723035230-6e3f9ed58472/go.mod h1:Y4eAJ7fkCSC6k6fl1+qF4DIoRepAYyB9Om4kBCAixcg=
github.com/gethugothemes/hugo-modules/shortcodes/collapse v0.0.0-20230723035230-6e3f9ed58472 h1:oTN2vSIs8fAucq4uu4+9hoiCnqnop7483ZII+/TBrSc=
github.com/gethugothemes/hugo-modules/shortcodes/collapse v0.0.0-20230723035230-6e3f9ed58472/go.mod h1:rBCFuR+QzMk0S1npR0zVDzgocFncOmyxWToJlRw4ZxU=
github.com/gethugothemes/hugo-modules/shortcodes/gallery v0.0.0-20230723035230-6e3f9ed58472 h1:e8hSi1c+z0QrOKaZvXmnAALgYCi8ed9amGo3OC7pLI4=
github.com/gethugothemes/hugo-modules/shortcodes/gallery v0.0.0-20230723035230-6e3f9ed58472/go.mod h1:nPS/s/W7rrOwgt46g4/tOkBhiJzg61M6AzUbGbNTNKY=
github.com/gethugothemes/hugo-modules/shortcodes/notice v0.0.0-20230723035230-6e3f9ed58472 h1:7xszkTdCbn5XfKGXixbWZRydqLK6XellI7Ovd6ZLjDA=
github.com/gethugothemes/hugo-modules/shortcodes/notice v0.0.0-20230723035230-6e3f9ed58472/go.mod h1:ljWyMJx82WA+6SlKjbGFhEdxcriyvUTCjXkJHDa4lho=
github.com/gethugothemes/hugo-modules/shortcodes/table-of-contents v0.0.0-20230723035230-6e3f9ed58472 h1:rSEpM88osW+DeOa4sz1hLK0a5YQjcCKOEKpKal3I1ow=
github.com/gethugothemes/hugo-modules/shortcodes/table-of-contents v0.0.0-20230723035230-6e3f9ed58472/go.mod h1:LKCp/rg9cHtfjHpIEYmpR8kuauI8JNN79nmdkFURXp0=
github.com/gethugothemes/hugo-modules/shortcodes/tabs v0.0.0-20230723035230-6e3f9ed58472 h1:5qu+RiFpTka3OMXGhyp3UifAqb4IF/PFtDDFe9ici9M=
github.com/gethugothemes/hugo-modules/shortcodes/tabs v0.0.0-20230723035230-6e3f9ed58472/go.mod h1:zaQhvQgsSOWfSm/zP3NbWWEfrxgrcdpBblljz2IA2vA=
github.com/gethugothemes/hugo-modules/shortcodes/video v0.0.0-20230723035230-6e3f9ed58472 h1:WU9Lo78Yiq5gpK5dl2BzEHZZMZ/R8GVvk9R2T7uZ4KU=
github.com/gethugothemes/hugo-modules/shortcodes/video v0.0.0-20230723035230-6e3f9ed58472/go.mod h1:s5CHMBd7/NalnckFfRhZJvqXPY/QTrluDvRgZm7+Cr0=
github.com/gethugothemes/hugo-modules/shortcodes/vimeo-lite v0.0.0-20230723035230-6e3f9ed58472 h1:1qsiGcxMLi9qP2g3nra+bbjD3xaJr8aGUumIy2y+REw=
github.com/gethugothemes/hugo-modules/shortcodes/vimeo-lite v0.0.0-20230723035230-6e3f9ed58472/go.mod h1:Ac9Ell5o+JV5DZ9dBgW767ZcSvoz/x+2UuFLvMoThwk=
github.com/gethugothemes/hugo-modules/shortcodes/youtube-lite v0.0.0-20230723035230-6e3f9ed58472 h1:gXNejFvrHpYUWg015vuCayGqmokUaTFWOmdlrSBy/pU=
github.com/gethugothemes/hugo-modules/shortcodes/youtube-lite v0.0.0-20230723035230-6e3f9ed58472/go.mod h1:DtWNw6au8NQg1Y0x470DstCHqjWZPnwm61Uu6ZIMy50=
github.com/gohugoio/hugo-mod-bootstrap-scss/v5 v5.20300.20003 h1:pt/JGVD5YYRsVVijOHPZI6YKTUvbR4e0hgV9B0S6rbI=
github.com/gohugoio/hugo-mod-bootstrap-scss/v5 v5.20300.20003/go.mod h1:mvM05r93HiefwoaxQTaYiJxtJAhTebwQtU1Xh/J+Okk=
github.com/gohugoio/hugo-mod-jslibs-dist/popperjs/v2 v2.21100.20000/go.mod h1:mFberT6ZtcchrsDtfvJM7aAH2bDKLdOnruUHl0hlapI=
github.com/twbs/bootstrap v5.3.0+incompatible/go.mod h1:fZTSrkpSf0/HkL0IIJzvVspTt1r9zuf7XlZau8kpcY0=
